PODS:
  - RxCocoa (5.1.1):
    - RxRelay (~> 5)
    - RxSwift (~> 5)
  - RxRelay (5.1.1):
    - RxSwift (~> 5)
  - RxSwift (5.1.1)
  - WZRxExtension (0.1.0):
    - RxCocoa (~> 5.1.0)
    - RxSwift (~> 5.1.0)
    - WZRxExtension/Core (= 0.1.0)
  - WZRxExtension/Core (0.1.0):
    - RxCocoa (~> 5.1.0)
    - RxSwift (~> 5.1.0)

DEPENDENCIES:
  - WZRxExtension (from `../`)

SPEC REPOS:
  trunk:
    - RxCocoa
    - RxRelay
    - RxSwift

EXTERNAL SOURCES:
  WZRxExtension:
    :path: "../"

SPEC CHECKSUMS:
  RxCocoa: 32065309a38d29b5b0db858819b5bf9ef038b601
  RxRelay: d77f7d771495f43c556cbc43eebd1bb54d01e8e9
  RxSwift: 81470a2074fa8780320ea5fe4102807cb7118178
  WZRxExtension: 1a158cccf6ccfb41339a0337c550ca48fb9628a0

PODFILE CHECKSUM: 2771a54b79509c9205445ed4e7966d9263104fb7

COCOAPODS: 1.9.1
